
Microsoft Visual Studio Solution File, Format Version 12.00
# Visual Studio Version 16
VisualStudioVersion = 16.0.30413.136
MinimumVisualStudioVersion = 10.0.40219.1
Project("{9A19103F-16F7-4668-BE54-9A1E7A4F7556}") = "SeleniumScript", "SeleniumFluentAPI\SeleniumScript.csproj", "{AD459C5F-96F6-46DA-B622-46B2B3990E74}"
EndProject
Project("{9A19103F-16F7-4668-BE54-9A1E7A4F7556}") = "ExampleTestProjest", "ExampleTestProjest\ExampleTestProjest.csproj", "{F6F046C5-B524-4C2E-8A55-1A4AC54E5479}"
EndProject
Project("{9A19103F-16F7-4668-BE54-9A1E7A4F7556}") = "SeleniumScript.Tests", "SeleniumScript.Tests\SeleniumScript.Tests.csproj", "{4E94A70D-BDC4-470C-9D60-EBE5EA42543A}"
EndProject
Project("{FAE04EC0-301F-11D3-BF4B-00C04F79EFBC}") = "SeleniumScript.TestUtils", "SeleniumScript.TestUtils\SeleniumScript.TestUtils.csproj", "{669DFB07-D6F5-469D-9CDA-2D110A3629A2}"
EndProject
Global
	GlobalSection(SolutionConfigurationPlatforms) = preSolution
		Debug|Any CPU = Debug|Any CPU
		Release|Any CPU = Release|Any CPU
	EndGlobalSection
	GlobalSection(ProjectConfigurationPlatforms) = postSolution
		{AD459C5F-96F6-46DA-B622-46B2B3990E74}.Debug|Any CPU.ActiveCfg = Debug|Any CPU
		{AD459C5F-96F6-46DA-B622-46B2B3990E74}.Debug|Any CPU.Build.0 = Debug|Any CPU
		{AD459C5F-96F6-46DA-B622-46B2B3990E74}.Release|Any CPU.ActiveCfg = Release|Any CPU
		{AD459C5F-96F6-46DA-B622-46B2B3990E74}.Release|Any CPU.Build.0 = Release|Any CPU
		{F6F046C5-B524-4C2E-8A55-1A4AC54E5479}.Debug|Any CPU.ActiveCfg = Debug|Any CPU
		{F6F046C5-B524-4C2E-8A55-1A4AC54E5479}.Debug|Any CPU.Build.0 = Debug|Any CPU
		{F6F046C5-B524-4C2E-8A55-1A4AC54E5479}.Release|Any CPU.ActiveCfg = Release|Any CPU
		{F6F046C5-B524-4C2E-8A55-1A4AC54E5479}.Release|Any CPU.Build.0 = Release|Any CPU
		{4E94A70D-BDC4-470C-9D60-EBE5EA42543A}.Debug|Any CPU.ActiveCfg = Debug|Any CPU
		{4E94A70D-BDC4-470C-9D60-EBE5EA42543A}.Debug|Any CPU.Build.0 = Debug|Any CPU
		{4E94A70D-BDC4-470C-9D60-EBE5EA42543A}.Release|Any CPU.ActiveCfg = Release|Any CPU
		{4E94A70D-BDC4-470C-9D60-EBE5EA42543A}.Release|Any CPU.Build.0 = Release|Any CPU
		{669DFB07-D6F5-469D-9CDA-2D110A3629A2}.Debug|Any CPU.ActiveCfg = Debug|Any CPU
		{669DFB07-D6F5-469D-9CDA-2D110A3629A2}.Debug|Any CPU.Build.0 = Debug|Any CPU
		{669DFB07-D6F5-469D-9CDA-2D110A3629A2}.Release|Any CPU.ActiveCfg = Release|Any CPU
		{669DFB07-D6F5-469D-9CDA-2D110A3629A2}.Release|Any CPU.Build.0 = Release|Any CPU
	EndGlobalSection
	GlobalSection(SolutionProperties) = preSolution
		HideSolutionNode = FALSE
	EndGlobalSection
	GlobalSection(ExtensibilityGlobals) = postSolution
		SolutionGuid = {647246D1-2DD7-48DD-AB57-B0A6919B9250}
	EndGlobalSection
EndGlobal
